
Microsoft Visual Studio Solution File, Format Version 12.00
# Visual Studio Version 17
VisualStudioVersion = 17.0.31903.59
MinimumVisualStudioVersion = 10.0.40219.1
Project("{2150E333-8FDC-42A3-9474-1A3956D46DE8}") = "src", "src", "{827E0CD3-B72D-47B6-A68D-7590B98EB39B}"
EndProject
Project("{FAE04EC0-301F-11D3-BF4B-00C04F79EFBC}") = "NHS111.API", "src\NHS111.API\NHS111.API.csproj", "{CED7A35A-B235-438F-9101-7A54FB6E4DE8}"
EndProject
Project("{FAE04EC0-301F-11D3-BF4B-00C04F79EFBC}") = "NHS111.Application", "src\NHS111.Application\NHS111.Application.csproj", "{7C0F226E-4CCF-41E7-B981-692EB6617DC4}"
EndProject
Project("{FAE04EC0-301F-11D3-BF4B-00C04F79EFBC}") = "NHS111.Domain", "src\NHS111.Domain\NHS111.Domain.csproj", "{D6185BEF-0B76-44C7-96C8-057E1313121C}"
EndProject
Project("{FAE04EC0-301F-11D3-BF4B-00C04F79EFBC}") = "NHS111.Contracts", "src\NHS111.Contracts\NHS111.Contracts.csproj", "{743C8F02-9F81-44C2-A222-A89959C94925}"
EndProject
Project("{FAE04EC0-301F-11D3-BF4B-00C04F79EFBC}") = "NHS111.Infrastructure", "src\NHS111.Infrastructure\NHS111.Infrastructure.csproj", "{DA3BE1A4-96FB-49B2-93EF-DC3103C44F9B}"
EndProject
Project("{2150E333-8FDC-42A3-9474-1A3956D46DE8}") = "consumers", "consumers", "{5A28F63F-B00C-4D42-9352-DA04B878DDB6}"
EndProject
Project("{FAE04EC0-301F-11D3-BF4B-00C04F79EFBC}") = "NHS111.UmmanuConsumer", "consumers\NHS111.UmmanuConsumer\NHS111.UmmanuConsumer.csproj", "{A75F4FD2-9823-45EE-B5F6-610EA1D7388D}"
EndProject
Project("{FAE04EC0-301F-11D3-BF4B-00C04F79EFBC}") = "NHS111.AdastraConsumer", "consumers\NHS111.AdastraConsumer\NHS111.AdastraConsumer.csproj", "{AF5BA0D7-AF30-4C14-B92A-9C5EFEB9E303}"
EndProject
Project("{2150E333-8FDC-42A3-9474-1A3956D46DE8}") = "tests", "tests", "{0AB3BF05-4346-4AA6-1389-037BE0695223}"
EndProject
Project("{FAE04EC0-301F-11D3-BF4B-00C04F79EFBC}") = "NHS111.UnitTests", "tests\NHS111.UnitTests\NHS111.UnitTests.csproj", "{CDDAE88B-963C-4984-9B48-BCA7D053EAC1}"
EndProject
Project("{FAE04EC0-301F-11D3-BF4B-00C04F79EFBC}") = "NHS111.IntegrationTests", "tests\NHS111.IntegrationTests\NHS111.IntegrationTests.csproj", "{DB513492-8146-421E-9861-7D1E8CE27E85}"
EndProject
Global
	GlobalSection(SolutionConfigurationPlatforms) = preSolution
		Debug|Any CPU = Debug|Any CPU
		Debug|x64 = Debug|x64
		Debug|x86 = Debug|x86
		Release|Any CPU = Release|Any CPU
		Release|x64 = Release|x64
		Release|x86 = Release|x86
	EndGlobalSection
	GlobalSection(ProjectConfigurationPlatforms) = postSolution
		{CED7A35A-B235-438F-9101-7A54FB6E4DE8}.Debug|Any CPU.ActiveCfg = Debug|Any CPU
		{CED7A35A-B235-438F-9101-7A54FB6E4DE8}.Debug|Any CPU.Build.0 = Debug|Any CPU
		{CED7A35A-B235-438F-9101-7A54FB6E4DE8}.Debug|x64.ActiveCfg = Debug|Any CPU
		{CED7A35A-B235-438F-9101-7A54FB6E4DE8}.Debug|x64.Build.0 = Debug|Any CPU
		{CED7A35A-B235-438F-9101-7A54FB6E4DE8}.Debug|x86.ActiveCfg = Debug|Any CPU
		{CED7A35A-B235-438F-9101-7A54FB6E4DE8}.Debug|x86.Build.0 = Debug|Any CPU
		{CED7A35A-B235-438F-9101-7A54FB6E4DE8}.Release|Any CPU.ActiveCfg = Release|Any CPU
		{CED7A35A-B235-438F-9101-7A54FB6E4DE8}.Release|Any CPU.Build.0 = Release|Any CPU
		{CED7A35A-B235-438F-9101-7A54FB6E4DE8}.Release|x64.ActiveCfg = Release|Any CPU
		{CED7A35A-B235-438F-9101-7A54FB6E4DE8}.Release|x64.Build.0 = Release|Any CPU
		{CED7A35A-B235-438F-9101-7A54FB6E4DE8}.Release|x86.ActiveCfg = Release|Any CPU
		{CED7A35A-B235-438F-9101-7A54FB6E4DE8}.Release|x86.Build.0 = Release|Any CPU
		{7C0F226E-4CCF-41E7-B981-692EB6617DC4}.Debug|Any CPU.ActiveCfg = Debug|Any CPU
		{7C0F226E-4CCF-41E7-B981-692EB6617DC4}.Debug|Any CPU.Build.0 = Debug|Any CPU
		{7C0F226E-4CCF-41E7-B981-692EB6617DC4}.Debug|x64.ActiveCfg = Debug|Any CPU
		{7C0F226E-4CCF-41E7-B981-692EB6617DC4}.Debug|x64.Build.0 = Debug|Any CPU
		{7C0F226E-4CCF-41E7-B981-692EB6617DC4}.Debug|x86.ActiveCfg = Debug|Any CPU
		{7C0F226E-4CCF-41E7-B981-692EB6617DC4}.Debug|x86.Build.0 = Debug|Any CPU
		{7C0F226E-4CCF-41E7-B981-692EB6617DC4}.Release|Any CPU.ActiveCfg = Release|Any CPU
		{7C0F226E-4CCF-41E7-B981-692EB6617DC4}.Release|Any CPU.Build.0 = Release|Any CPU
		{7C0F226E-4CCF-41E7-B981-692EB6617DC4}.Release|x64.ActiveCfg = Release|Any CPU
		{7C0F226E-4CCF-41E7-B981-692EB6617DC4}.Release|x64.Build.0 = Release|Any CPU
		{7C0F226E-4CCF-41E7-B981-692EB6617DC4}.Release|x86.ActiveCfg = Release|Any CPU
		{7C0F226E-4CCF-41E7-B981-692EB6617DC4}.Release|x86.Build.0 = Release|Any CPU
		{D6185BEF-0B76-44C7-96C8-057E1313121C}.Debug|Any CPU.ActiveCfg = Debug|Any CPU
		{D6185BEF-0B76-44C7-96C8-057E1313121C}.Debug|Any CPU.Build.0 = Debug|Any CPU
		{D6185BEF-0B76-44C7-96C8-057E1313121C}.Debug|x64.ActiveCfg = Debug|Any CPU
		{D6185BEF-0B76-44C7-96C8-057E1313121C}.Debug|x64.Build.0 = Debug|Any CPU
		{D6185BEF-0B76-44C7-96C8-057E1313121C}.Debug|x86.ActiveCfg = Debug|Any CPU
		{D6185BEF-0B76-44C7-96C8-057E1313121C}.Debug|x86.Build.0 = Debug|Any CPU
		{D6185BEF-0B76-44C7-96C8-057E1313121C}.Release|Any CPU.ActiveCfg = Release|Any CPU
		{D6185BEF-0B76-44C7-96C8-057E1313121C}.Release|Any CPU.Build.0 = Release|Any CPU
		{D6185BEF-0B76-44C7-96C8-057E1313121C}.Release|x64.ActiveCfg = Release|Any CPU
		{D6185BEF-0B76-44C7-96C8-057E1313121C}.Release|x64.Build.0 = Release|Any CPU
		{D6185BEF-0B76-44C7-96C8-057E1313121C}.Release|x86.ActiveCfg = Release|Any CPU
		{D6185BEF-0B76-44C7-96C8-057E1313121C}.Release|x86.Build.0 = Release|Any CPU
		{743C8F02-9F81-44C2-A222-A89959C94925}.Debug|Any CPU.ActiveCfg = Debug|Any CPU
		{743C8F02-9F81-44C2-A222-A89959C94925}.Debug|Any CPU.Build.0 = Debug|Any CPU
		{743C8F02-9F81-44C2-A222-A89959C94925}.Debug|x64.ActiveCfg = Debug|Any CPU
		{743C8F02-9F81-44C2-A222-A89959C94925}.Debug|x64.Build.0 = Debug|Any CPU
		{743C8F02-9F81-44C2-A222-A89959C94925}.Debug|x86.ActiveCfg = Debug|Any CPU
		{743C8F02-9F81-44C2-A222-A89959C94925}.Debug|x86.Build.0 = Debug|Any CPU
		{743C8F02-9F81-44C2-A222-A89959C94925}.Release|Any CPU.ActiveCfg = Release|Any CPU
		{743C8F02-9F81-44C2-A222-A89959C94925}.Release|Any CPU.Build.0 = Release|Any CPU
		{743C8F02-9F81-44C2-A222-A89959C94925}.Release|x64.ActiveCfg = Release|Any CPU
		{743C8F02-9F81-44C2-A222-A89959C94925}.Release|x64.Build.0 = Release|Any CPU
		{743C8F02-9F81-44C2-A222-A89959C94925}.Release|x86.ActiveCfg = Release|Any CPU
		{743C8F02-9F81-44C2-A222-A89959C94925}.Release|x86.Build.0 = Release|Any CPU
		{DA3BE1A4-96FB-49B2-93EF-DC3103C44F9B}.Debug|Any CPU.ActiveCfg = Debug|Any CPU
		{DA3BE1A4-96FB-49B2-93EF-DC3103C44F9B}.Debug|Any CPU.Build.0 = Debug|Any CPU
		{DA3BE1A4-96FB-49B2-93EF-DC3103C44F9B}.Debug|x64.ActiveCfg = Debug|Any CPU
		{DA3BE1A4-96FB-49B2-93EF-DC3103C44F9B}.Debug|x64.Build.0 = Debug|Any CPU
		{DA3BE1A4-96FB-49B2-93EF-DC3103C44F9B}.Debug|x86.ActiveCfg = Debug|Any CPU
		{DA3BE1A4-96FB-49B2-93EF-DC3103C44F9B}.Debug|x86.Build.0 = Debug|Any CPU
		{DA3BE1A4-96FB-49B2-93EF-DC3103C44F9B}.Release|Any CPU.ActiveCfg = Release|Any CPU
		{DA3BE1A4-96FB-49B2-93EF-DC3103C44F9B}.Release|Any CPU.Build.0 = Release|Any CPU
		{DA3BE1A4-96FB-49B2-93EF-DC3103C44F9B}.Release|x64.ActiveCfg = Release|Any CPU
		{DA3BE1A4-96FB-49B2-93EF-DC3103C44F9B}.Release|x64.Build.0 = Release|Any CPU
		{DA3BE1A4-96FB-49B2-93EF-DC3103C44F9B}.Release|x86.ActiveCfg = Release|Any CPU
		{DA3BE1A4-96FB-49B2-93EF-DC3103C44F9B}.Release|x86.Build.0 = Release|Any CPU
		{A75F4FD2-9823-45EE-B5F6-610EA1D7388D}.Debug|Any CPU.ActiveCfg = Debug|Any CPU
		{A75F4FD2-9823-45EE-B5F6-610EA1D7388D}.Debug|Any CPU.Build.0 = Debug|Any CPU
		{A75F4FD2-9823-45EE-B5F6-610EA1D7388D}.Debug|x64.ActiveCfg = Debug|Any CPU
		{A75F4FD2-9823-45EE-B5F6-610EA1D7388D}.Debug|x64.Build.0 = Debug|Any CPU
		{A75F4FD2-9823-45EE-B5F6-610EA1D7388D}.Debug|x86.ActiveCfg = Debug|Any CPU
		{A75F4FD2-9823-45EE-B5F6-610EA1D7388D}.Debug|x86.Build.0 = Debug|Any CPU
		{A75F4FD2-9823-45EE-B5F6-610EA1D7388D}.Release|Any CPU.ActiveCfg = Release|Any CPU
		{A75F4FD2-9823-45EE-B5F6-610EA1D7388D}.Release|Any CPU.Build.0 = Release|Any CPU
		{A75F4FD2-9823-45EE-B5F6-610EA1D7388D}.Release|x64.ActiveCfg = Release|Any CPU
		{A75F4FD2-9823-45EE-B5F6-610EA1D7388D}.Release|x64.Build.0 = Release|Any CPU
		{A75F4FD2-9823-45EE-B5F6-610EA1D7388D}.Release|x86.ActiveCfg = Release|Any CPU
		{A75F4FD2-9823-45EE-B5F6-610EA1D7388D}.Release|x86.Build.0 = Release|Any CPU
		{AF5BA0D7-AF30-4C14-B92A-9C5EFEB9E303}.Debug|Any CPU.ActiveCfg = Debug|Any CPU
		{AF5BA0D7-AF30-4C14-B92A-9C5EFEB9E303}.Debug|Any CPU.Build.0 = Debug|Any CPU
		{AF5BA0D7-AF30-4C14-B92A-9C5EFEB9E303}.Debug|x64.ActiveCfg = Debug|Any CPU
		{AF5BA0D7-AF30-4C14-B92A-9C5EFEB9E303}.Debug|x64.Build.0 = Debug|Any CPU
		{AF5BA0D7-AF30-4C14-B92A-9C5EFEB9E303}.Debug|x86.ActiveCfg = Debug|Any CPU
		{AF5BA0D7-AF30-4C14-B92A-9C5EFEB9E303}.Debug|x86.Build.0 = Debug|Any CPU
		{AF5BA0D7-AF30-4C14-B92A-9C5EFEB9E303}.Release|Any CPU.ActiveCfg = Release|Any CPU
		{AF5BA0D7-AF30-4C14-B92A-9C5EFEB9E303}.Release|Any CPU.Build.0 = Release|Any CPU
		{AF5BA0D7-AF30-4C14-B92A-9C5EFEB9E303}.Release|x64.ActiveCfg = Release|Any CPU
		{AF5BA0D7-AF30-4C14-B92A-9C5EFEB9E303}.Release|x64.Build.0 = Release|Any CPU
		{AF5BA0D7-AF30-4C14-B92A-9C5EFEB9E303}.Release|x86.ActiveCfg = Release|Any CPU
		{AF5BA0D7-AF30-4C14-B92A-9C5EFEB9E303}.Release|x86.Build.0 = Release|Any CPU
		{CDDAE88B-963C-4984-9B48-BCA7D053EAC1}.Debug|Any CPU.ActiveCfg = Debug|Any CPU
		{CDDAE88B-963C-4984-9B48-BCA7D053EAC1}.Debug|Any CPU.Build.0 = Debug|Any CPU
		{CDDAE88B-963C-4984-9B48-BCA7D053EAC1}.Debug|x64.ActiveCfg = Debug|Any CPU
		{CDDAE88B-963C-4984-9B48-BCA7D053EAC1}.Debug|x64.Build.0 = Debug|Any CPU
		{CDDAE88B-963C-4984-9B48-BCA7D053EAC1}.Debug|x86.ActiveCfg = Debug|Any CPU
		{CDDAE88B-963C-4984-9B48-BCA7D053EAC1}.Debug|x86.Build.0 = Debug|Any CPU
		{CDDAE88B-963C-4984-9B48-BCA7D053EAC1}.Release|Any CPU.ActiveCfg = Release|Any CPU
		{CDDAE88B-963C-4984-9B48-BCA7D053EAC1}.Release|Any CPU.Build.0 = Release|Any CPU
		{CDDAE88B-963C-4984-9B48-BCA7D053EAC1}.Release|x64.ActiveCfg = Release|Any CPU
		{CDDAE88B-963C-4984-9B48-BCA7D053EAC1}.Release|x64.Build.0 = Release|Any CPU
		{CDDAE88B-963C-4984-9B48-BCA7D053EAC1}.Release|x86.ActiveCfg = Release|Any CPU
		{CDDAE88B-963C-4984-9B48-BCA7D053EAC1}.Release|x86.Build.0 = Release|Any CPU
		{DB513492-8146-421E-9861-7D1E8CE27E85}.Debug|Any CPU.ActiveCfg = Debug|Any CPU
		{DB513492-8146-421E-9861-7D1E8CE27E85}.Debug|Any CPU.Build.0 = Debug|Any CPU
		{DB513492-8146-421E-9861-7D1E8CE27E85}.Debug|x64.ActiveCfg = Debug|Any CPU
		{DB513492-8146-421E-9861-7D1E8CE27E85}.Debug|x64.Build.0 = Debug|Any CPU
		{DB513492-8146-421E-9861-7D1E8CE27E85}.Debug|x86.ActiveCfg = Debug|Any CPU
		{DB513492-8146-421E-9861-7D1E8CE27E85}.Debug|x86.Build.0 = Debug|Any CPU
		{DB513492-8146-421E-9861-7D1E8CE27E85}.Release|Any CPU.ActiveCfg = Release|Any CPU
		{DB513492-8146-421E-9861-7D1E8CE27E85}.Release|Any CPU.Build.0 = Release|Any CPU
		{DB513492-8146-421E-9861-7D1E8CE27E85}.Release|x64.ActiveCfg = Release|Any CPU
		{DB513492-8146-421E-9861-7D1E8CE27E85}.Release|x64.Build.0 = Release|Any CPU
		{DB513492-8146-421E-9861-7D1E8CE27E85}.Release|x86.ActiveCfg = Release|Any CPU
		{DB513492-8146-421E-9861-7D1E8CE27E85}.Release|x86.Build.0 = Release|Any CPU
	EndGlobalSection
	GlobalSection(SolutionProperties) = preSolution
		HideSolutionNode = FALSE
	EndGlobalSection
	GlobalSection(NestedProjects) = preSolution
		{CED7A35A-B235-438F-9101-7A54FB6E4DE8} = {827E0CD3-B72D-47B6-A68D-7590B98EB39B}
		{7C0F226E-4CCF-41E7-B981-692EB6617DC4} = {827E0CD3-B72D-47B6-A68D-7590B98EB39B}
		{D6185BEF-0B76-44C7-96C8-057E1313121C} = {827E0CD3-B72D-47B6-A68D-7590B98EB39B}
		{743C8F02-9F81-44C2-A222-A89959C94925} = {827E0CD3-B72D-47B6-A68D-7590B98EB39B}
		{DA3BE1A4-96FB-49B2-93EF-DC3103C44F9B} = {827E0CD3-B72D-47B6-A68D-7590B98EB39B}
		{A75F4FD2-9823-45EE-B5F6-610EA1D7388D} = {5A28F63F-B00C-4D42-9352-DA04B878DDB6}
		{AF5BA0D7-AF30-4C14-B92A-9C5EFEB9E303} = {5A28F63F-B00C-4D42-9352-DA04B878DDB6}
		{CDDAE88B-963C-4984-9B48-BCA7D053EAC1} = {0AB3BF05-4346-4AA6-1389-037BE0695223}
		{DB513492-8146-421E-9861-7D1E8CE27E85} = {0AB3BF05-4346-4AA6-1389-037BE0695223}
	EndGlobalSection
EndGlobal
